
Microsoft Visual Studio Solution File, Format Version 12.00
# Visual Studio Version 16
VisualStudioVersion = 16.0.31402.337
MinimumVisualStudioVersion = 10.0.40219.1
Project("{8BC9CEB8-8B4A-11D0-8D11-00A0C91BC942}") = "2IMV10_iciclePlot", "2IMV10_iciclePlot.vcxproj", "{AAB185F9-93AB-4CBD-BDE5-31C9BD12097B}"
EndProject
Global
	GlobalSection(SolutionConfigurationPlatforms) = preSolution
		Debug|x64 = Debug|x64
		Debug|x86 = Debug|x86
		Release|x64 = Release|x64
		Release|x86 = Release|x86
	EndGlobalSection
	GlobalSection(ProjectConfigurationPlatforms) = postSolution
		{AAB185F9-93AB-4CBD-BDE5-31C9BD12097B}.Debug|x64.ActiveCfg = Debug|x64
		{AAB185F9-93AB-4CBD-BDE5-31C9BD12097B}.Debug|x64.Build.0 = Debug|x64
		{AAB185F9-93AB-4CBD-BDE5-31C9BD12097B}.Debug|x86.ActiveCfg = Debug|Win32
		{AAB185F9-93AB-4CBD-BDE5-31C9BD12097B}.Debug|x86.Build.0 = Debug|Win32
		{AAB185F9-93AB-4CBD-BDE5-31C9BD12097B}.Release|x64.ActiveCfg = Release|x64
		{AAB185F9-93AB-4CBD-BDE5-31C9BD12097B}.Release|x64.Build.0 = Release|x64
		{AAB185F9-93AB-4CBD-BDE5-31C9BD12097B}.Release|x86.ActiveCfg = Release|Win32
		{AAB185F9-93AB-4CBD-BDE5-31C9BD12097B}.Release|x86.Build.0 = Release|Win32
	EndGlobalSection
	GlobalSection(SolutionProperties) = preSolution
		HideSolutionNode = FALSE
	EndGlobalSection
	GlobalSection(ExtensibilityGlobals) = postSolution
		SolutionGuid = {FF7666D9-7402-4A8F-8CD9-9EF73996490C}
	EndGlobalSection
EndGlobal
